
Microsoft Visual Studio Solution File, Format Version 12.00
# Visual Studio Version 16
VisualStudioVersion = 16.0.29411.108
MinimumVisualStudioVersion = 10.0.40219.1
Project("{FAE04EC0-301F-11D3-BF4B-00C04F79EFBC}") = "Task 3", "4 HomeWork\Task 3.csproj", "{7CD09199-0907-4CD1-851C-A99E8D680E7C}"
EndProject
Global
	GlobalSection(SolutionConfigurationPlatforms) = preSolution
		Debug|Any CPU = Debug|Any CPU
		Release|Any CPU = Release|Any CPU
	EndGlobalSection
	GlobalSection(ProjectConfigurationPlatforms) = postSolution
		{7CD09199-0907-4CD1-851C-A99E8D680E7C}.Debug|Any CPU.ActiveCfg = Debug|Any CPU
		{7CD09199-0907-4CD1-851C-A99E8D680E7C}.Debug|Any CPU.Build.0 = Debug|Any CPU
		{7CD09199-0907-4CD1-851C-A99E8D680E7C}.Release|Any CPU.ActiveCfg = Release|Any CPU
		{7CD09199-0907-4CD1-851C-A99E8D680E7C}.Release|Any CPU.Build.0 = Release|Any CPU
	EndGlobalSection
	GlobalSection(SolutionProperties) = preSolution
		HideSolutionNode = FALSE
	EndGlobalSection
	GlobalSection(ExtensibilityGlobals) = postSolution
		SolutionGuid = {D3B0E4B2-AEEE-465B-9C4D-1A4A57402A4A}
	EndGlobalSection
EndGlobal
